
Microsoft Visual Studio Solution File, Format Version 12.00
# Visual Studio 2013
VisualStudioVersion = 12.0.30723.0
MinimumVisualStudioVersion = 10.0.40219.1
Project("{FAE04EC0-301F-11D3-BF4B-00C04F79EFBC}") = "UI", "UI\UI.csproj", "{C8FC215C-9A73-42BC-81A2-78FF2C7B5C0E}"
EndProject
Project("{FAE04EC0-301F-11D3-BF4B-00C04F79EFBC}") = "UnitTest", "UnitTest\UnitTest.csproj", "{D43355EA-ED95-4B27-8212-8FCC20DBB17E}"
EndProject
Global
	GlobalSection(SolutionConfigurationPlatforms) = preSolution
		Debug|Any CPU = Debug|Any CPU
		Release|Any CPU = Release|Any CPU
	EndGlobalSection
	GlobalSection(ProjectConfigurationPlatforms) = postSolution
		{C8FC215C-9A73-42BC-81A2-78FF2C7B5C0E}.Debug|Any CPU.ActiveCfg = Debug|Any CPU
		{C8FC215C-9A73-42BC-81A2-78FF2C7B5C0E}.Debug|Any CPU.Build.0 = Debug|Any CPU
		{C8FC215C-9A73-42BC-81A2-78FF2C7B5C0E}.Release|Any CPU.ActiveCfg = Release|Any CPU
		{C8FC215C-9A73-42BC-81A2-78FF2C7B5C0E}.Release|Any CPU.Build.0 = Release|Any CPU
		{D43355EA-ED95-4B27-8212-8FCC20DBB17E}.Debug|Any CPU.ActiveCfg = Debug|Any CPU
		{D43355EA-ED95-4B27-8212-8FCC20DBB17E}.Debug|Any CPU.Build.0 = Debug|Any CPU
		{D43355EA-ED95-4B27-8212-8FCC20DBB17E}.Release|Any CPU.ActiveCfg = Release|Any CPU
		{D43355EA-ED95-4B27-8212-8FCC20DBB17E}.Release|Any CPU.Build.0 = Release|Any CPU
	EndGlobalSection
	GlobalSection(SolutionProperties) = preSolution
		HideSolutionNode = FALSE
	EndGlobalSection
EndGlobal
